
Microsoft Visual Studio Solution File, Format Version 12.00
# Visual Studio Version 17
VisualStudioVersion = 17.4.33213.308
MinimumVisualStudioVersion = 10.0.40219.1
Project("{FAE04EC0-301F-11D3-BF4B-00C04F79EFBC}") = "Schiffe_versenken", "Schiffe_versenken\Schiffe_versenken.csproj", "{7FFE6E1C-A548-46FD-A0A5-24FF9DABE2A1}"
EndProject
Global
	GlobalSection(SolutionConfigurationPlatforms) = preSolution
		Debug|Any CPU = Debug|Any CPU
		Release|Any CPU = Release|Any CPU
	EndGlobalSection
	GlobalSection(ProjectConfigurationPlatforms) = postSolution
		{7FFE6E1C-A548-46FD-A0A5-24FF9DABE2A1}.Debug|Any CPU.ActiveCfg = Debug|Any CPU
		{7FFE6E1C-A548-46FD-A0A5-24FF9DABE2A1}.Debug|Any CPU.Build.0 = Debug|Any CPU
		{7FFE6E1C-A548-46FD-A0A5-24FF9DABE2A1}.Release|Any CPU.ActiveCfg = Release|Any CPU
		{7FFE6E1C-A548-46FD-A0A5-24FF9DABE2A1}.Release|Any CPU.Build.0 = Release|Any CPU
	EndGlobalSection
	GlobalSection(SolutionProperties) = preSolution
		HideSolutionNode = FALSE
	EndGlobalSection
	GlobalSection(ExtensibilityGlobals) = postSolution
		SolutionGuid = {5956426F-040A-42AF-A057-52AB58A73221}
	EndGlobalSection
EndGlobal
