
Microsoft Visual Studio Solution File, Format Version 12.00
# Visual Studio Version 17
VisualStudioVersion = 17.3.32901.215
MinimumVisualStudioVersion = 10.0.40219.1
Project("{FAE04EC0-301F-11D3-BF4B-00C04F79EFBC}") = "PA3Z_2022_23", "PA3Z_2022_23\PA3Z_2022_23.csproj", "{EF9C42CA-8A51-4F45-8881-80C535401393}"
EndProject
Global
	GlobalSection(SolutionConfigurationPlatforms) = preSolution
		Debug|Any CPU = Debug|Any CPU
		Release|Any CPU = Release|Any CPU
	EndGlobalSection
	GlobalSection(ProjectConfigurationPlatforms) = postSolution
		{EF9C42CA-8A51-4F45-8881-80C535401393}.Debug|Any CPU.ActiveCfg = Debug|Any CPU
		{EF9C42CA-8A51-4F45-8881-80C535401393}.Debug|Any CPU.Build.0 = Debug|Any CPU
		{EF9C42CA-8A51-4F45-8881-80C535401393}.Release|Any CPU.ActiveCfg = Release|Any CPU
		{EF9C42CA-8A51-4F45-8881-80C535401393}.Release|Any CPU.Build.0 = Release|Any CPU
	EndGlobalSection
	GlobalSection(SolutionProperties) = preSolution
		HideSolutionNode = FALSE
	EndGlobalSection
	GlobalSection(ExtensibilityGlobals) = postSolution
		SolutionGuid = {6313FEBC-4404-457D-994C-AE30B144AA4C}
	EndGlobalSection
EndGlobal
